
Microsoft Visual Studio Solution File, Format Version 12.00
# Visual Studio Version 16
VisualStudioVersion = 16.0.31321.278
MinimumVisualStudioVersion = 10.0.40219.1
Project("{E24C65DC-7377-472B-9ABA-BC803B73C61A}") = "dcr", "http://localhost/dcr", "{DD074292-E00F-4349-BBB0-2EC75AA73B95}"
	ProjectSection(WebsiteProperties) = preProject
		UseIISExpress = "false"
		TargetFrameworkMoniker = ".NETFramework,Version%3Dv4.7.2"
		ProjectReferences = "{5dfa0ab8-ae69-4dd8-b78c-12e9939f9e4f}|HGrid.dll;{f323a654-44ae-4ea9-b56d-8f709ed832e5}|VGrid.dll;"
		Debug.AspNetCompiler.VirtualPath = "/dcr"
		Debug.AspNetCompiler.PhysicalPath = "webapp\"
		Debug.AspNetCompiler.TargetPath = "PrecompiledWeb\dcr\"
		Debug.AspNetCompiler.Updateable = "true"
		Debug.AspNetCompiler.ForceOverwrite = "true"
		Debug.AspNetCompiler.FixedNames = "false"
		Debug.AspNetCompiler.Debug = "True"
		Release.AspNetCompiler.VirtualPath = "/dcr"
		Release.AspNetCompiler.PhysicalPath = "webapp\"
		Release.AspNetCompiler.TargetPath = "PrecompiledWeb\dcr\"
		Release.AspNetCompiler.Updateable = "true"
		Release.AspNetCompiler.ForceOverwrite = "true"
		Release.AspNetCompiler.FixedNames = "false"
		Release.AspNetCompiler.Debug = "False"
		SlnRelativePath = "webapp\"
	EndProjectSection
EndProject
Project("{FAE04EC0-301F-11D3-BF4B-00C04F79EFBC}") = "HGrid", "..\..\aspx_2020_projects\promasys\HGrid\HGrid.csproj", "{5DFA0AB8-AE69-4DD8-B78C-12E9939F9E4F}"
EndProject
Project("{FAE04EC0-301F-11D3-BF4B-00C04F79EFBC}") = "VGrid", "..\..\aspx_2020_projects\promasys\VGrid\VGrid.csproj", "{F323A654-44AE-4EA9-B56D-8F709ED832E5}"
EndProject
Global
	GlobalSection(SolutionConfigurationPlatforms) = preSolution
		asdas|Any CPU = asdas|Any CPU
		asdas|x64 = asdas|x64
		asdas|x86 = asdas|x86
		Debug|Any CPU = Debug|Any CPU
		Debug|x64 = Debug|x64
		Debug|x86 = Debug|x86
		Release|Any CPU = Release|Any CPU
		Release|x64 = Release|x64
		Release|x86 = Release|x86
	EndGlobalSection
	GlobalSection(ProjectConfigurationPlatforms) = postSolution
		{DD074292-E00F-4349-BBB0-2EC75AA73B95}.asdas|Any CPU.ActiveCfg = Debug|Any CPU
		{DD074292-E00F-4349-BBB0-2EC75AA73B95}.asdas|Any CPU.Build.0 = Debug|Any CPU
		{DD074292-E00F-4349-BBB0-2EC75AA73B95}.asdas|x64.ActiveCfg = Debug|Any CPU
		{DD074292-E00F-4349-BBB0-2EC75AA73B95}.asdas|x64.Build.0 = Debug|Any CPU
		{DD074292-E00F-4349-BBB0-2EC75AA73B95}.asdas|x86.ActiveCfg = Debug|Any CPU
		{DD074292-E00F-4349-BBB0-2EC75AA73B95}.asdas|x86.Build.0 = Debug|Any CPU
		{DD074292-E00F-4349-BBB0-2EC75AA73B95}.Debug|Any CPU.ActiveCfg = Debug|Any CPU
		{DD074292-E00F-4349-BBB0-2EC75AA73B95}.Debug|Any CPU.Build.0 = Debug|Any CPU
		{DD074292-E00F-4349-BBB0-2EC75AA73B95}.Debug|x64.ActiveCfg = Debug|Any CPU
		{DD074292-E00F-4349-BBB0-2EC75AA73B95}.Debug|x64.Build.0 = Debug|Any CPU
		{DD074292-E00F-4349-BBB0-2EC75AA73B95}.Debug|x86.ActiveCfg = Debug|Any CPU
		{DD074292-E00F-4349-BBB0-2EC75AA73B95}.Debug|x86.Build.0 = Debug|Any CPU
		{DD074292-E00F-4349-BBB0-2EC75AA73B95}.Release|Any CPU.ActiveCfg = Debug|Any CPU
		{DD074292-E00F-4349-BBB0-2EC75AA73B95}.Release|Any CPU.Build.0 = Debug|Any CPU
		{DD074292-E00F-4349-BBB0-2EC75AA73B95}.Release|x64.ActiveCfg = Debug|Any CPU
		{DD074292-E00F-4349-BBB0-2EC75AA73B95}.Release|x64.Build.0 = Debug|Any CPU
		{DD074292-E00F-4349-BBB0-2EC75AA73B95}.Release|x86.ActiveCfg = Debug|Any CPU
		{DD074292-E00F-4349-BBB0-2EC75AA73B95}.Release|x86.Build.0 = Debug|Any CPU
		{5DFA0AB8-AE69-4DD8-B78C-12E9939F9E4F}.asdas|Any CPU.ActiveCfg = asdas|Any CPU
		{5DFA0AB8-AE69-4DD8-B78C-12E9939F9E4F}.asdas|Any CPU.Build.0 = asdas|Any CPU
		{5DFA0AB8-AE69-4DD8-B78C-12E9939F9E4F}.asdas|x64.ActiveCfg = asdas|x64
		{5DFA0AB8-AE69-4DD8-B78C-12E9939F9E4F}.asdas|x64.Build.0 = asdas|x64
		{5DFA0AB8-AE69-4DD8-B78C-12E9939F9E4F}.asdas|x86.ActiveCfg = asdas|x86
		{5DFA0AB8-AE69-4DD8-B78C-12E9939F9E4F}.asdas|x86.Build.0 = asdas|x86
		{5DFA0AB8-AE69-4DD8-B78C-12E9939F9E4F}.Debug|Any CPU.ActiveCfg = Debug|Any CPU
		{5DFA0AB8-AE69-4DD8-B78C-12E9939F9E4F}.Debug|Any CPU.Build.0 = Debug|Any CPU
		{5DFA0AB8-AE69-4DD8-B78C-12E9939F9E4F}.Debug|x64.ActiveCfg = Debug|x64
		{5DFA0AB8-AE69-4DD8-B78C-12E9939F9E4F}.Debug|x64.Build.0 = Debug|x64
		{5DFA0AB8-AE69-4DD8-B78C-12E9939F9E4F}.Debug|x86.ActiveCfg = Debug|x86
		{5DFA0AB8-AE69-4DD8-B78C-12E9939F9E4F}.Debug|x86.Build.0 = Debug|x86
		{5DFA0AB8-AE69-4DD8-B78C-12E9939F9E4F}.Release|Any CPU.ActiveCfg = Release|Any CPU
		{5DFA0AB8-AE69-4DD8-B78C-12E9939F9E4F}.Release|Any CPU.Build.0 = Release|Any CPU
		{5DFA0AB8-AE69-4DD8-B78C-12E9939F9E4F}.Release|x64.ActiveCfg = Release|x64
		{5DFA0AB8-AE69-4DD8-B78C-12E9939F9E4F}.Release|x64.Build.0 = Release|x64
		{5DFA0AB8-AE69-4DD8-B78C-12E9939F9E4F}.Release|x86.ActiveCfg = Release|x86
		{5DFA0AB8-AE69-4DD8-B78C-12E9939F9E4F}.Release|x86.Build.0 = Release|x86
		{F323A654-44AE-4EA9-B56D-8F709ED832E5}.asdas|Any CPU.ActiveCfg = asdas|Any CPU
		{F323A654-44AE-4EA9-B56D-8F709ED832E5}.asdas|Any CPU.Build.0 = asdas|Any CPU
		{F323A654-44AE-4EA9-B56D-8F709ED832E5}.asdas|x64.ActiveCfg = asdas|x64
		{F323A654-44AE-4EA9-B56D-8F709ED832E5}.asdas|x64.Build.0 = asdas|x64
		{F323A654-44AE-4EA9-B56D-8F709ED832E5}.asdas|x86.ActiveCfg = asdas|x86
		{F323A654-44AE-4EA9-B56D-8F709ED832E5}.asdas|x86.Build.0 = asdas|x86
		{F323A654-44AE-4EA9-B56D-8F709ED832E5}.Debug|Any CPU.ActiveCfg = Debug|Any CPU
		{F323A654-44AE-4EA9-B56D-8F709ED832E5}.Debug|Any CPU.Build.0 = Debug|Any CPU
		{F323A654-44AE-4EA9-B56D-8F709ED832E5}.Debug|x64.ActiveCfg = Debug|x64
		{F323A654-44AE-4EA9-B56D-8F709ED832E5}.Debug|x64.Build.0 = Debug|x64
		{F323A654-44AE-4EA9-B56D-8F709ED832E5}.Debug|x86.ActiveCfg = Debug|x86
		{F323A654-44AE-4EA9-B56D-8F709ED832E5}.Debug|x86.Build.0 = Debug|x86
		{F323A654-44AE-4EA9-B56D-8F709ED832E5}.Release|Any CPU.ActiveCfg = Release|Any CPU
		{F323A654-44AE-4EA9-B56D-8F709ED832E5}.Release|Any CPU.Build.0 = Release|Any CPU
		{F323A654-44AE-4EA9-B56D-8F709ED832E5}.Release|x64.ActiveCfg = Release|x64
		{F323A654-44AE-4EA9-B56D-8F709ED832E5}.Release|x64.Build.0 = Release|x64
		{F323A654-44AE-4EA9-B56D-8F709ED832E5}.Release|x86.ActiveCfg = Release|x86
		{F323A654-44AE-4EA9-B56D-8F709ED832E5}.Release|x86.Build.0 = Release|x86
	EndGlobalSection
	GlobalSection(SolutionProperties) = preSolution
		HideSolutionNode = FALSE
	EndGlobalSection
	GlobalSection(ExtensibilityGlobals) = postSolution
		SolutionGuid = {20538581-660B-4065-8797-20B6C1E24702}
	EndGlobalSection
EndGlobal
